{
  "lockfileVersion": 1,
  "workspaces": {
    "": {
      "name": "playground",
      "dependencies": {
        "easypanel.js": "^1.0.0",
      },
      "devDependencies": {
        "@types/node": "^20.10.6",
        "tsx": "^4.6.2",
      },
    },
  },
  "packages": {
    "@esbuild/aix-ppc64": ["@esbuild/aix-ppc64@0.19.11", "", { "os": "aix", "cpu": "ppc64" }, "sha512-FnzU0LyE3ySQk7UntJO4+qIiQgI7KoODnZg5xzXIrFJlKd2P2gwHsHY4927xj9y5PJmJSzULiUCWmv7iWnNa7g=="],

    "@esbuild/android-arm": ["@esbuild/android-arm@0.19.11", "", { "os": "android", "cpu": "arm" }, "sha512-5OVapq0ClabvKvQ58Bws8+wkLCV+Rxg7tUVbo9xu034Nm536QTII4YzhaFriQ7rMrorfnFKUsArD2lqKbFY4vw=="],

    "@esbuild/android-arm64": ["@esbuild/android-arm64@0.19.11", "", { "os": "android", "cpu": "arm64" }, "sha512-aiu7K/5JnLj//KOnOfEZ0D90obUkRzDMyqd/wNAUQ34m4YUPVhRZpnqKV9uqDGxT7cToSDnIHsGooyIczu9T+Q=="],

    "@esbuild/android-x64": ["@esbuild/android-x64@0.19.11", "", { "os": "android", "cpu": "x64" }, "sha512-eccxjlfGw43WYoY9QgB82SgGgDbibcqyDTlk3l3C0jOVHKxrjdc9CTwDUQd0vkvYg5um0OH+GpxYvp39r+IPOg=="],

    "@esbuild/darwin-arm64": ["@esbuild/darwin-arm64@0.19.11", "", { "os": "darwin", "cpu": "arm64" }, "sha512-ETp87DRWuSt9KdDVkqSoKoLFHYTrkyz2+65fj9nfXsaV3bMhTCjtQfw3y+um88vGRKRiF7erPrh/ZuIdLUIVxQ=="],

    "@esbuild/darwin-x64": ["@esbuild/darwin-x64@0.19.11", "", { "os": "darwin", "cpu": "x64" }, "sha512-fkFUiS6IUK9WYUO/+22omwetaSNl5/A8giXvQlcinLIjVkxwTLSktbF5f/kJMftM2MJp9+fXqZ5ezS7+SALp4g=="],

    "@esbuild/freebsd-arm64": ["@esbuild/freebsd-arm64@0.19.11", "", { "os": "freebsd", "cpu": "arm64" }, "sha512-lhoSp5K6bxKRNdXUtHoNc5HhbXVCS8V0iZmDvyWvYq9S5WSfTIHU2UGjcGt7UeS6iEYp9eeymIl5mJBn0yiuxA=="],

    "@esbuild/freebsd-x64": ["@esbuild/freebsd-x64@0.19.11", "", { "os": "freebsd", "cpu": "x64" }, "sha512-JkUqn44AffGXitVI6/AbQdoYAq0TEullFdqcMY/PCUZ36xJ9ZJRtQabzMA+Vi7r78+25ZIBosLTOKnUXBSi1Kw=="],

    "@esbuild/linux-arm": ["@esbuild/linux-arm@0.19.11", "", { "os": "linux", "cpu": "arm" }, "sha512-3CRkr9+vCV2XJbjwgzjPtO8T0SZUmRZla+UL1jw+XqHZPkPgZiyWvbDvl9rqAN8Zl7qJF0O/9ycMtjU67HN9/Q=="],

    "@esbuild/linux-arm64": ["@esbuild/linux-arm64@0.19.11", "", { "os": "linux", "cpu": "arm64" }, "sha512-LneLg3ypEeveBSMuoa0kwMpCGmpu8XQUh+mL8XXwoYZ6Be2qBnVtcDI5azSvh7vioMDhoJFZzp9GWp9IWpYoUg=="],

    "@esbuild/linux-ia32": ["@esbuild/linux-ia32@0.19.11", "", { "os": "linux", "cpu": "ia32" }, "sha512-caHy++CsD8Bgq2V5CodbJjFPEiDPq8JJmBdeyZ8GWVQMjRD0sU548nNdwPNvKjVpamYYVL40AORekgfIubwHoA=="],

    "@esbuild/linux-loong64": ["@esbuild/linux-loong64@0.19.11", "", { "os": "linux", "cpu": "none" }, "sha512-ppZSSLVpPrwHccvC6nQVZaSHlFsvCQyjnvirnVjbKSHuE5N24Yl8F3UwYUUR1UEPaFObGD2tSvVKbvR+uT1Nrg=="],

    "@esbuild/linux-mips64el": ["@esbuild/linux-mips64el@0.19.11", "", { "os": "linux", "cpu": "none" }, "sha512-B5x9j0OgjG+v1dF2DkH34lr+7Gmv0kzX6/V0afF41FkPMMqaQ77pH7CrhWeR22aEeHKaeZVtZ6yFwlxOKPVFyg=="],

    "@esbuild/linux-ppc64": ["@esbuild/linux-ppc64@0.19.11", "", { "os": "linux", "cpu": "ppc64" }, "sha512-MHrZYLeCG8vXblMetWyttkdVRjQlQUb/oMgBNurVEnhj4YWOr4G5lmBfZjHYQHHN0g6yDmCAQRR8MUHldvvRDA=="],

    "@esbuild/linux-riscv64": ["@esbuild/linux-riscv64@0.19.11", "", { "os": "linux", "cpu": "none" }, "sha512-f3DY++t94uVg141dozDu4CCUkYW+09rWtaWfnb3bqe4w5NqmZd6nPVBm+qbz7WaHZCoqXqHz5p6CM6qv3qnSSQ=="],

    "@esbuild/linux-s390x": ["@esbuild/linux-s390x@0.19.11", "", { "os": "linux", "cpu": "s390x" }, "sha512-A5xdUoyWJHMMlcSMcPGVLzYzpcY8QP1RtYzX5/bS4dvjBGVxdhuiYyFwp7z74ocV7WDc0n1harxmpq2ePOjI0Q=="],

    "@esbuild/linux-x64": ["@esbuild/linux-x64@0.19.11", "", { "os": "linux", "cpu": "x64" }, "sha512-grbyMlVCvJSfxFQUndw5mCtWs5LO1gUlwP4CDi4iJBbVpZcqLVT29FxgGuBJGSzyOxotFG4LoO5X+M1350zmPA=="],

    "@esbuild/netbsd-x64": ["@esbuild/netbsd-x64@0.19.11", "", { "os": "none", "cpu": "x64" }, "sha512-13jvrQZJc3P230OhU8xgwUnDeuC/9egsjTkXN49b3GcS5BKvJqZn86aGM8W9pd14Kd+u7HuFBMVtrNGhh6fHEQ=="],

    "@esbuild/openbsd-x64": ["@esbuild/openbsd-x64@0.19.11", "", { "os": "openbsd", "cpu": "x64" }, "sha512-ysyOGZuTp6SNKPE11INDUeFVVQFrhcNDVUgSQVDzqsqX38DjhPEPATpid04LCoUr2WXhQTEZ8ct/EgJCUDpyNw=="],

    "@esbuild/sunos-x64": ["@esbuild/sunos-x64@0.19.11", "", { "os": "sunos", "cpu": "x64" }, "sha512-Hf+Sad9nVwvtxy4DXCZQqLpgmRTQqyFyhT3bZ4F2XlJCjxGmRFF0Shwn9rzhOYRB61w9VMXUkxlBy56dk9JJiQ=="],

    "@esbuild/win32-arm64": ["@esbuild/win32-arm64@0.19.11", "", { "os": "win32", "cpu": "arm64" }, "sha512-0P58Sbi0LctOMOQbpEOvOL44Ne0sqbS0XWHMvvrg6NE5jQ1xguCSSw9jQeUk2lfrXYsKDdOe6K+oZiwKPilYPQ=="],

    "@esbuild/win32-ia32": ["@esbuild/win32-ia32@0.19.11", "", { "os": "win32", "cpu": "ia32" }, "sha512-6YOrWS+sDJDmshdBIQU+Uoyh7pQKrdykdefC1avn76ss5c+RN6gut3LZA4E2cH5xUEp5/cA0+YxRaVtRAb0xBg=="],

    "@esbuild/win32-x64": ["@esbuild/win32-x64@0.19.11", "", { "os": "win32", "cpu": "x64" }, "sha512-vfkhltrjCAb603XaFhqhAF4LGDi2M4OrCRrFusyQ+iTLQ/o60QQXxc9cZC/FFpihBI9N1Grn6SMKVJ4KP7Fuiw=="],

    "@types/node": ["@types/node@20.10.6", "", { "dependencies": { "undici-types": "~5.26.4" } }, "sha512-Vac8H+NlRNNlAmDfGUP7b5h/KA+AtWIzuXy0E6OyP8f1tCLYAtPvKRRDJjAPqhpCb0t6U2j7/xqAuLEebW2kiw=="],

    "asynckit": ["asynckit@0.4.0", "", {}, "sha512-Oei9OH4tRh0YqU3GxhX79dM/mwVgvbZJaSNaRk+bshkj0S5cfHcgYakreBjrHwatXKbz+IoIdYLxrKim2MjW0Q=="],

    "axios": ["axios@1.6.5", "", { "dependencies": { "follow-redirects": "^1.15.4", "form-data": "^4.0.0", "proxy-from-env": "^1.1.0" } }, "sha512-Ii012v05KEVuUoFWmMW/UQv9aRIc3ZwkWDcM+h5Il8izZCtRVpDUfwpoFf7eOtajT3QiGR4yDUx7lPqHJULgbg=="],

    "combined-stream": ["combined-stream@1.0.8", "", { "dependencies": { "delayed-stream": "~1.0.0" } }, "sha512-FQN4MRfuJeHf7cBbBMJFXhKSDq+2kAArBlmRBvcvFE5BB1HZKXtSFASDhdlz9zOYwxh8lDdnvmMOe/+5cdoEdg=="],

    "delayed-stream": ["delayed-stream@1.0.0", "", {}, "sha512-ZySD7Nf91aLB0RxL4KGrKHBXl7Eds1DAmEdcoVawXnLD7SDhpNgtuII2aAkg7a7QS41jxPSZ17p4VdGnMHk3MQ=="],

    "easypanel.js": ["easypanel.js@1.1.7", "", { "dependencies": { "axios": "^1.6.2", "yaml": "^2.3.4" } }, "sha512-wHakGseslSYA0gc7/wX9Lsd/mm3FqfB0rt/oQKdlOfjsk70wqGq/hBiJXSINJTAMbX4X3FkeGb0fQe7Em6ljaQ=="],

    "esbuild": ["esbuild@0.19.11", "", { "optionalDependencies": { "@esbuild/aix-ppc64": "0.19.11", "@esbuild/android-arm": "0.19.11", "@esbuild/android-arm64": "0.19.11", "@esbuild/android-x64": "0.19.11", "@esbuild/darwin-arm64": "0.19.11", "@esbuild/darwin-x64": "0.19.11", "@esbuild/freebsd-arm64": "0.19.11", "@esbuild/freebsd-x64": "0.19.11", "@esbuild/linux-arm": "0.19.11", "@esbuild/linux-arm64": "0.19.11", "@esbuild/linux-ia32": "0.19.11", "@esbuild/linux-loong64": "0.19.11", "@esbuild/linux-mips64el": "0.19.11", "@esbuild/linux-ppc64": "0.19.11", "@esbuild/linux-riscv64": "0.19.11", "@esbuild/linux-s390x": "0.19.11", "@esbuild/linux-x64": "0.19.11", "@esbuild/netbsd-x64": "0.19.11", "@esbuild/openbsd-x64": "0.19.11", "@esbuild/sunos-x64": "0.19.11", "@esbuild/win32-arm64": "0.19.11", "@esbuild/win32-ia32": "0.19.11", "@esbuild/win32-x64": "0.19.11" }, "bin": "bin/esbuild" }, "sha512-HJ96Hev2hX/6i5cDVwcqiJBBtuo9+FeIJOtZ9W1kA5M6AMJRHUZlpYZ1/SbEwtO0ioNAW8rUooVpC/WehY2SfA=="],

    "follow-redirects": ["follow-redirects@1.15.4", "", {}, "sha512-Cr4D/5wlrb0z9dgERpUL3LrmPKVDsETIJhaCMeDfuFYcqa5bldGV6wBsAN6X/vxlXQtFBMrXdXxdL8CbDTGniw=="],

    "form-data": ["form-data@4.0.0", "", { "dependencies": { "asynckit": "^0.4.0", "combined-stream": "^1.0.8", "mime-types": "^2.1.12" } }, "sha512-ETEklSGi5t0QMZuiXoA/Q6vcnxcLQP5vdugSpuAyi6SVGi2clPPp+xgEhuMaHC+zGgn31Kd235W35f7Hykkaww=="],

    "fsevents": ["fsevents@2.3.3", "", { "os": "darwin" }, "sha512-5xoDfX+fL7faATnagmWPpbFtwh/R77WmMMqqHGS65C3vvB0YHrgF+B1YmZ3441tMj5n63k0212XNoJwzlhffQw=="],

    "get-tsconfig": ["get-tsconfig@4.7.2", "", { "dependencies": { "resolve-pkg-maps": "^1.0.0" } }, "sha512-wuMsz4leaj5hbGgg4IvDU0bqJagpftG5l5cXIAvo8uZrqn0NJqwtfupTN00VnkQJPcIRrxYrm1Ue24btpCha2A=="],

    "mime-db": ["mime-db@1.52.0", "", {}, "sha512-sPU4uV7dYlvtWJxwwxHD0PuihVNiE7TyAbQ5SWxDCB9mUYvOgroQOwYQQOKPJ8CIbE+1ETVlOoK1UC2nU3gYvg=="],

    "mime-types": ["mime-types@2.1.35", "", { "dependencies": { "mime-db": "1.52.0" } }, "sha512-ZDY+bPm5zTTF+YpCrAU9nK0UgICYPT0QtT1NZWFv4s++TNkcgVaT0g6+4R2uI4MjQjzysHB1zxuWL50hzaeXiw=="],

    "proxy-from-env": ["proxy-from-env@1.1.0", "", {}, "sha512-D+zkORCbA9f1tdWRK0RaCR3GPv50cMxcrz4X8k5LTSUD1Dkw47mKJEZQNunItRTkWwgtaUSo1RVFRIG9ZXiFYg=="],

    "resolve-pkg-maps": ["resolve-pkg-maps@1.0.0", "", {}, "sha512-seS2Tj26TBVOC2NIc2rOe2y2ZO7efxITtLZcGSOnHHNOQ7CkiUBfw0Iw2ck6xkIhPwLhKNLS8BO+hEpngQlqzw=="],

    "tsx": ["tsx@4.7.0", "", { "dependencies": { "esbuild": "~0.19.10", "get-tsconfig": "^4.7.2" }, "optionalDependencies": { "fsevents": "~2.3.3" }, "bin": "dist/cli.mjs" }, "sha512-I+t79RYPlEYlHn9a+KzwrvEwhJg35h/1zHsLC2JXvhC2mdynMv6Zxzvhv5EMV6VF5qJlLlkSnMVvdZV3PSIGcg=="],

    "undici-types": ["undici-types@5.26.5", "", {}, "sha512-JlCMO+ehdEIKqlFxk6IfVoAUVmgz7cU7zD/h9XZ0qzeosSHmUJVOzSQvvYSYWXkFXC+IfLKSIffhv0sVZup6pA=="],

    "yaml": ["yaml@2.3.4", "", {}, "sha512-8aAvwVUSHpfEqTQ4w/KMlf3HcRdt50E5ODIQJBw1fQ5RL34xabzxtUlzTXVqc4rkZsPbvrXKWnABCD7kWSmocA=="],
  }
}
